
Microsoft Visual Studio Solution File, Format Version 12.00
# Visual Studio 15
VisualStudioVersion = 15.0.28010.2050
MinimumVisualStudioVersion = 10.0.40219.1
Project("{8BC9CEB8-8B4A-11D0-8D11-00A0C91BC942}") = "OOPObjLogger", "OOPObjLogger\OOPObjLogger.vcxproj", "{D8A97D0A-F1D7-4680-86D0-550669D2089D}"
EndProject
Global
	GlobalSection(SolutionConfigurationPlatforms) = preSolution
		Debug|x64 = Debug|x64
		Debug|x86 = Debug|x86
		Release|x64 = Release|x64
		Release|x86 = Release|x86
	EndGlobalSection
	GlobalSection(ProjectConfigurationPlatforms) = postSolution
		{D8A97D0A-F1D7-4680-86D0-550669D2089D}.Debug|x64.ActiveCfg = Debug|x64
		{D8A97D0A-F1D7-4680-86D0-550669D2089D}.Debug|x64.Build.0 = Debug|x64
		{D8A97D0A-F1D7-4680-86D0-550669D2089D}.Debug|x86.ActiveCfg = Debug|Win32
		{D8A97D0A-F1D7-4680-86D0-550669D2089D}.Debug|x86.Build.0 = Debug|Win32
		{D8A97D0A-F1D7-4680-86D0-550669D2089D}.Release|x64.ActiveCfg = Release|x64
		{D8A97D0A-F1D7-4680-86D0-550669D2089D}.Release|x64.Build.0 = Release|x64
		{D8A97D0A-F1D7-4680-86D0-550669D2089D}.Release|x86.ActiveCfg = Release|Win32
		{D8A97D0A-F1D7-4680-86D0-550669D2089D}.Release|x86.Build.0 = Release|Win32
	EndGlobalSection
	GlobalSection(SolutionProperties) = preSolution
		HideSolutionNode = FALSE
	EndGlobalSection
	GlobalSection(ExtensibilityGlobals) = postSolution
		SolutionGuid = {4F16C431-C9E2-44A5-B81C-1BA117725373}
	EndGlobalSection
EndGlobal
